# This file is automatically @generated by Poetry 2.2.1 and should not be changed by hand.

[[package]]
name = "sh"
version = "2.2.2"
description = "Python subprocess replacement"
optional = false
python-versions = "<4.0,>=3.8.1"
groups = ["main"]
files = [
    {file = "sh-2.2.2-py3-none-any.whl", hash = "sha256:e0b15b4ae8ffcd399bc8ffddcbd770a43c7a70a24b16773fbb34c001ad5d52af"},
    {file = "sh-2.2.2.tar.gz", hash = "sha256:653227a7c41a284ec5302173fbc044ee817c7bad5e6e4d8d55741b9aeb9eb65b"},
]

[metadata]
lock-version = "2.1"
python-versions = "^3.9.0"
content-hash = "4c347dea32e14ce7b1a886bca5791451bac0be516e524d58151ba3a03b75dbc9"
